
Microsoft Visual Studio Solution File, Format Version 12.00
Project("{2150E333-8FDC-42A3-9474-1A3956D46DE8}") = "HPO", "HPO", "{C9224AC4-2E15-461E-A1C8-17B63A3CBBAC}"
EndProject
Project("{FAE04EC0-301F-11D3-BF4B-00C04F79EFBC}") = "HyperparameterOptimization.Service", "HPO\HyperparameterOptimization.Service\HyperparameterOptimization.Service.csproj", "{5B0B48F0-4164-4091-B685-980CB17AE6D1}"
EndProject
Project("{FAE04EC0-301F-11D3-BF4B-00C04F79EFBC}") = "PythonHelpers", "HPO\PythonHelpers\PythonHelpers.csproj", "{5FE7E741-A834-4810-BB99-302AACB3310B}"
EndProject
Project("{FAE04EC0-301F-11D3-BF4B-00C04F79EFBC}") = "ConfigSpace.Builder", "HPO\ConfigSpace.Builder\ConfigSpace.Builder.csproj", "{0611C1F6-71FB-4820-A15C-0C19D4343811}"
EndProject
Project("{FAE04EC0-301F-11D3-BF4B-00C04F79EFBC}") = "HyperparameterSpace.Model", "HPO\HyperparameterSpace.Model\HyperparameterSpace.Model.csproj", "{A7DD8018-ACD7-4E24-9B9E-FD6EFA2EEA86}"
EndProject
Project("{FAE04EC0-301F-11D3-BF4B-00C04F79EFBC}") = "HyperparameterSpace.Parser", "HPO\HyperparameterSpace.Parser\HyperparameterSpace.Parser.csproj", "{9E1744C1-E09E-44AE-920B-A821671BA3AA}"
EndProject
Project("{FAE04EC0-301F-11D3-BF4B-00C04F79EFBC}") = "ConfigSpace.OptunaSampler", "HPO\ConfigSpace.OptunaSampler\ConfigSpace.OptunaSampler.csproj", "{1376D16E-9C9E-4543-A95B-EE36E519F388}"
EndProject
Project("{FAE04EC0-301F-11D3-BF4B-00C04F79EFBC}") = "Hyperparameter.Parser", "HPO\Hyperparameter.Parser\Hyperparameter.Parser.csproj", "{513F8100-2847-4E3A-84A0-70E29ADEA4CB}"
EndProject
Project("{2150E333-8FDC-42A3-9474-1A3956D46DE8}") = "Orchestrator", "Orchestrator", "{7493B5D0-B23C-4620-B38E-C9CFE4D005C1}"
EndProject
Project("{FAE04EC0-301F-11D3-BF4B-00C04F79EFBC}") = "Orchestrator.Service", "Orchestrator\Orchestrator.Service\Orchestrator.Service.csproj", "{BF8E245C-00FC-43EC-9C29-D1954736D960}"
EndProject
Project("{FAE04EC0-301F-11D3-BF4B-00C04F79EFBC}") = "Orchestrator.Application", "Orchestrator\Orchestrator.Application\Orchestrator.Application.csproj", "{7CF397FD-9377-4D5E-AD4A-E0BE2AF0CAB8}"
EndProject
Project("{FAE04EC0-301F-11D3-BF4B-00C04F79EFBC}") = "Orchestrator.Infrastructure", "Orchestrator\Orchestrator.Infrastructure\Orchestrator.Infrastructure.csproj", "{56BE874A-3823-4B41-BD55-67F80F42C216}"
EndProject
Project("{FAE04EC0-301F-11D3-BF4B-00C04F79EFBC}") = "HyperparameterOptimization.Client", "HPO\HyperparameterOptimization.Client\HyperparameterOptimization.Client.csproj", "{820E062F-7466-4A46-A6D8-AA0280818CDC}"
EndProject
Project("{FAE04EC0-301F-11D3-BF4B-00C04F79EFBC}") = "Orchestrator.Infrastructure.Kubernetes", "Orchestrator\Orchestrator.Infrastructure.Kubernetes\Orchestrator.Infrastructure.Kubernetes.csproj", "{2586009E-1F83-4AD9-A82C-26B279A7F0AA}"
EndProject
Project("{FAE04EC0-301F-11D3-BF4B-00C04F79EFBC}") = "Orchestrator.Domain", "Orchestrator\Orchestrator.Domain\Orchestrator.Domain.csproj", "{34843E7A-CE3B-46E4-B11A-7BC4CA87D53F}"
EndProject
Global
	GlobalSection(SolutionConfigurationPlatforms) = preSolution
		Debug|Any CPU = Debug|Any CPU
		Release|Any CPU = Release|Any CPU
	EndGlobalSection
	GlobalSection(NestedProjects) = preSolution
		{5B0B48F0-4164-4091-B685-980CB17AE6D1} = {C9224AC4-2E15-461E-A1C8-17B63A3CBBAC}
		{5FE7E741-A834-4810-BB99-302AACB3310B} = {C9224AC4-2E15-461E-A1C8-17B63A3CBBAC}
		{0611C1F6-71FB-4820-A15C-0C19D4343811} = {C9224AC4-2E15-461E-A1C8-17B63A3CBBAC}
		{A7DD8018-ACD7-4E24-9B9E-FD6EFA2EEA86} = {C9224AC4-2E15-461E-A1C8-17B63A3CBBAC}
		{9E1744C1-E09E-44AE-920B-A821671BA3AA} = {C9224AC4-2E15-461E-A1C8-17B63A3CBBAC}
		{1376D16E-9C9E-4543-A95B-EE36E519F388} = {C9224AC4-2E15-461E-A1C8-17B63A3CBBAC}
		{513F8100-2847-4E3A-84A0-70E29ADEA4CB} = {C9224AC4-2E15-461E-A1C8-17B63A3CBBAC}
		{BF8E245C-00FC-43EC-9C29-D1954736D960} = {7493B5D0-B23C-4620-B38E-C9CFE4D005C1}
		{7CF397FD-9377-4D5E-AD4A-E0BE2AF0CAB8} = {7493B5D0-B23C-4620-B38E-C9CFE4D005C1}
		{56BE874A-3823-4B41-BD55-67F80F42C216} = {7493B5D0-B23C-4620-B38E-C9CFE4D005C1}
		{820E062F-7466-4A46-A6D8-AA0280818CDC} = {C9224AC4-2E15-461E-A1C8-17B63A3CBBAC}
		{2586009E-1F83-4AD9-A82C-26B279A7F0AA} = {7493B5D0-B23C-4620-B38E-C9CFE4D005C1}
		{34843E7A-CE3B-46E4-B11A-7BC4CA87D53F} = {7493B5D0-B23C-4620-B38E-C9CFE4D005C1}
	EndGlobalSection
	GlobalSection(ProjectConfigurationPlatforms) = postSolution
		{5B0B48F0-4164-4091-B685-980CB17AE6D1}.Debug|Any CPU.ActiveCfg = Debug|Any CPU
		{5B0B48F0-4164-4091-B685-980CB17AE6D1}.Debug|Any CPU.Build.0 = Debug|Any CPU
		{5B0B48F0-4164-4091-B685-980CB17AE6D1}.Release|Any CPU.ActiveCfg = Release|Any CPU
		{5B0B48F0-4164-4091-B685-980CB17AE6D1}.Release|Any CPU.Build.0 = Release|Any CPU
		{5FE7E741-A834-4810-BB99-302AACB3310B}.Debug|Any CPU.ActiveCfg = Debug|Any CPU
		{5FE7E741-A834-4810-BB99-302AACB3310B}.Debug|Any CPU.Build.0 = Debug|Any CPU
		{5FE7E741-A834-4810-BB99-302AACB3310B}.Release|Any CPU.ActiveCfg = Release|Any CPU
		{5FE7E741-A834-4810-BB99-302AACB3310B}.Release|Any CPU.Build.0 = Release|Any CPU
		{0611C1F6-71FB-4820-A15C-0C19D4343811}.Debug|Any CPU.ActiveCfg = Debug|Any CPU
		{0611C1F6-71FB-4820-A15C-0C19D4343811}.Debug|Any CPU.Build.0 = Debug|Any CPU
		{0611C1F6-71FB-4820-A15C-0C19D4343811}.Release|Any CPU.ActiveCfg = Release|Any CPU
		{0611C1F6-71FB-4820-A15C-0C19D4343811}.Release|Any CPU.Build.0 = Release|Any CPU
		{A7DD8018-ACD7-4E24-9B9E-FD6EFA2EEA86}.Debug|Any CPU.ActiveCfg = Debug|Any CPU
		{A7DD8018-ACD7-4E24-9B9E-FD6EFA2EEA86}.Debug|Any CPU.Build.0 = Debug|Any CPU
		{A7DD8018-ACD7-4E24-9B9E-FD6EFA2EEA86}.Release|Any CPU.ActiveCfg = Release|Any CPU
		{A7DD8018-ACD7-4E24-9B9E-FD6EFA2EEA86}.Release|Any CPU.Build.0 = Release|Any CPU
		{9E1744C1-E09E-44AE-920B-A821671BA3AA}.Debug|Any CPU.ActiveCfg = Debug|Any CPU
		{9E1744C1-E09E-44AE-920B-A821671BA3AA}.Debug|Any CPU.Build.0 = Debug|Any CPU
		{9E1744C1-E09E-44AE-920B-A821671BA3AA}.Release|Any CPU.ActiveCfg = Release|Any CPU
		{9E1744C1-E09E-44AE-920B-A821671BA3AA}.Release|Any CPU.Build.0 = Release|Any CPU
		{1376D16E-9C9E-4543-A95B-EE36E519F388}.Debug|Any CPU.ActiveCfg = Debug|Any CPU
		{1376D16E-9C9E-4543-A95B-EE36E519F388}.Debug|Any CPU.Build.0 = Debug|Any CPU
		{1376D16E-9C9E-4543-A95B-EE36E519F388}.Release|Any CPU.ActiveCfg = Release|Any CPU
		{1376D16E-9C9E-4543-A95B-EE36E519F388}.Release|Any CPU.Build.0 = Release|Any CPU
		{513F8100-2847-4E3A-84A0-70E29ADEA4CB}.Debug|Any CPU.ActiveCfg = Debug|Any CPU
		{513F8100-2847-4E3A-84A0-70E29ADEA4CB}.Debug|Any CPU.Build.0 = Debug|Any CPU
		{513F8100-2847-4E3A-84A0-70E29ADEA4CB}.Release|Any CPU.ActiveCfg = Release|Any CPU
		{513F8100-2847-4E3A-84A0-70E29ADEA4CB}.Release|Any CPU.Build.0 = Release|Any CPU
		{BF8E245C-00FC-43EC-9C29-D1954736D960}.Debug|Any CPU.ActiveCfg = Debug|Any CPU
		{BF8E245C-00FC-43EC-9C29-D1954736D960}.Debug|Any CPU.Build.0 = Debug|Any CPU
		{BF8E245C-00FC-43EC-9C29-D1954736D960}.Release|Any CPU.ActiveCfg = Release|Any CPU
		{BF8E245C-00FC-43EC-9C29-D1954736D960}.Release|Any CPU.Build.0 = Release|Any CPU
		{7CF397FD-9377-4D5E-AD4A-E0BE2AF0CAB8}.Debug|Any CPU.ActiveCfg = Debug|Any CPU
		{7CF397FD-9377-4D5E-AD4A-E0BE2AF0CAB8}.Debug|Any CPU.Build.0 = Debug|Any CPU
		{7CF397FD-9377-4D5E-AD4A-E0BE2AF0CAB8}.Release|Any CPU.ActiveCfg = Release|Any CPU
		{7CF397FD-9377-4D5E-AD4A-E0BE2AF0CAB8}.Release|Any CPU.Build.0 = Release|Any CPU
		{56BE874A-3823-4B41-BD55-67F80F42C216}.Debug|Any CPU.ActiveCfg = Debug|Any CPU
		{56BE874A-3823-4B41-BD55-67F80F42C216}.Debug|Any CPU.Build.0 = Debug|Any CPU
		{56BE874A-3823-4B41-BD55-67F80F42C216}.Release|Any CPU.ActiveCfg = Release|Any CPU
		{56BE874A-3823-4B41-BD55-67F80F42C216}.Release|Any CPU.Build.0 = Release|Any CPU
		{820E062F-7466-4A46-A6D8-AA0280818CDC}.Debug|Any CPU.ActiveCfg = Debug|Any CPU
		{820E062F-7466-4A46-A6D8-AA0280818CDC}.Debug|Any CPU.Build.0 = Debug|Any CPU
		{820E062F-7466-4A46-A6D8-AA0280818CDC}.Release|Any CPU.ActiveCfg = Release|Any CPU
		{820E062F-7466-4A46-A6D8-AA0280818CDC}.Release|Any CPU.Build.0 = Release|Any CPU
		{2586009E-1F83-4AD9-A82C-26B279A7F0AA}.Debug|Any CPU.ActiveCfg = Debug|Any CPU
		{2586009E-1F83-4AD9-A82C-26B279A7F0AA}.Debug|Any CPU.Build.0 = Debug|Any CPU
		{2586009E-1F83-4AD9-A82C-26B279A7F0AA}.Release|Any CPU.ActiveCfg = Release|Any CPU
		{2586009E-1F83-4AD9-A82C-26B279A7F0AA}.Release|Any CPU.Build.0 = Release|Any CPU
		{34843E7A-CE3B-46E4-B11A-7BC4CA87D53F}.Debug|Any CPU.ActiveCfg = Debug|Any CPU
		{34843E7A-CE3B-46E4-B11A-7BC4CA87D53F}.Debug|Any CPU.Build.0 = Debug|Any CPU
		{34843E7A-CE3B-46E4-B11A-7BC4CA87D53F}.Release|Any CPU.ActiveCfg = Release|Any CPU
		{34843E7A-CE3B-46E4-B11A-7BC4CA87D53F}.Release|Any CPU.Build.0 = Release|Any CPU
	EndGlobalSection
EndGlobal
