
Microsoft Visual Studio Solution File, Format Version 12.00
Project("{2150E333-8FDC-42A3-9474-1A3956D46DE8}") = "HPO", "HPO", "{C9224AC4-2E15-461E-A1C8-17B63A3CBBAC}"
EndProject
Project("{2150E333-8FDC-42A3-9474-1A3956D46DE8}") = "Orchestrator", "Orchestrator", "{7493B5D0-B23C-4620-B38E-C9CFE4D005C1}"
EndProject
Project("{FAE04EC0-301F-11D3-BF4B-00C04F79EFBC}") = "Orchestrator.Service", "Orchestrator\Orchestrator.Service\Orchestrator.Service.csproj", "{BF8E245C-00FC-43EC-9C29-D1954736D960}"
EndProject
Project("{FAE04EC0-301F-11D3-BF4B-00C04F79EFBC}") = "Orchestrator.Application", "Orchestrator\Orchestrator.Application\Orchestrator.Application.csproj", "{7CF397FD-9377-4D5E-AD4A-E0BE2AF0CAB8}"
EndProject
Project("{FAE04EC0-301F-11D3-BF4B-00C04F79EFBC}") = "Orchestrator.Infrastructure", "Orchestrator\Orchestrator.Infrastructure\Orchestrator.Infrastructure.csproj", "{56BE874A-3823-4B41-BD55-67F80F42C216}"
EndProject
Project("{FAE04EC0-301F-11D3-BF4B-00C04F79EFBC}") = "HyperparameterOptimization.Client", "HPO\HyperparameterOptimization.Client\HyperparameterOptimization.Client.csproj", "{820E062F-7466-4A46-A6D8-AA0280818CDC}"
EndProject
Project("{FAE04EC0-301F-11D3-BF4B-00C04F79EFBC}") = "Orchestrator.Infrastructure.Kubernetes", "Orchestrator\Orchestrator.Infrastructure.Kubernetes\Orchestrator.Infrastructure.Kubernetes.csproj", "{2586009E-1F83-4AD9-A82C-26B279A7F0AA}"
EndProject
Project("{FAE04EC0-301F-11D3-BF4B-00C04F79EFBC}") = "Orchestrator.Domain", "Orchestrator\Orchestrator.Domain\Orchestrator.Domain.csproj", "{34843E7A-CE3B-46E4-B11A-7BC4CA87D53F}"
EndProject
Global
	GlobalSection(SolutionConfigurationPlatforms) = preSolution
		Debug|Any CPU = Debug|Any CPU
		Release|Any CPU = Release|Any CPU
	EndGlobalSection
	GlobalSection(NestedProjects) = preSolution
		{BF8E245C-00FC-43EC-9C29-D1954736D960} = {7493B5D0-B23C-4620-B38E-C9CFE4D005C1}
		{7CF397FD-9377-4D5E-AD4A-E0BE2AF0CAB8} = {7493B5D0-B23C-4620-B38E-C9CFE4D005C1}
		{56BE874A-3823-4B41-BD55-67F80F42C216} = {7493B5D0-B23C-4620-B38E-C9CFE4D005C1}
		{820E062F-7466-4A46-A6D8-AA0280818CDC} = {C9224AC4-2E15-461E-A1C8-17B63A3CBBAC}
		{2586009E-1F83-4AD9-A82C-26B279A7F0AA} = {7493B5D0-B23C-4620-B38E-C9CFE4D005C1}
		{34843E7A-CE3B-46E4-B11A-7BC4CA87D53F} = {7493B5D0-B23C-4620-B38E-C9CFE4D005C1}
	EndGlobalSection
	GlobalSection(ProjectConfigurationPlatforms) = postSolution
		{BF8E245C-00FC-43EC-9C29-D1954736D960}.Debug|Any CPU.ActiveCfg = Debug|Any CPU
		{BF8E245C-00FC-43EC-9C29-D1954736D960}.Debug|Any CPU.Build.0 = Debug|Any CPU
		{BF8E245C-00FC-43EC-9C29-D1954736D960}.Release|Any CPU.ActiveCfg = Release|Any CPU
		{BF8E245C-00FC-43EC-9C29-D1954736D960}.Release|Any CPU.Build.0 = Release|Any CPU
		{7CF397FD-9377-4D5E-AD4A-E0BE2AF0CAB8}.Debug|Any CPU.ActiveCfg = Debug|Any CPU
		{7CF397FD-9377-4D5E-AD4A-E0BE2AF0CAB8}.Debug|Any CPU.Build.0 = Debug|Any CPU
		{7CF397FD-9377-4D5E-AD4A-E0BE2AF0CAB8}.Release|Any CPU.ActiveCfg = Release|Any CPU
		{7CF397FD-9377-4D5E-AD4A-E0BE2AF0CAB8}.Release|Any CPU.Build.0 = Release|Any CPU
		{56BE874A-3823-4B41-BD55-67F80F42C216}.Debug|Any CPU.ActiveCfg = Debug|Any CPU
		{56BE874A-3823-4B41-BD55-67F80F42C216}.Debug|Any CPU.Build.0 = Debug|Any CPU
		{56BE874A-3823-4B41-BD55-67F80F42C216}.Release|Any CPU.ActiveCfg = Release|Any CPU
		{56BE874A-3823-4B41-BD55-67F80F42C216}.Release|Any CPU.Build.0 = Release|Any CPU
		{820E062F-7466-4A46-A6D8-AA0280818CDC}.Debug|Any CPU.ActiveCfg = Debug|Any CPU
		{820E062F-7466-4A46-A6D8-AA0280818CDC}.Debug|Any CPU.Build.0 = Debug|Any CPU
		{820E062F-7466-4A46-A6D8-AA0280818CDC}.Release|Any CPU.ActiveCfg = Release|Any CPU
		{820E062F-7466-4A46-A6D8-AA0280818CDC}.Release|Any CPU.Build.0 = Release|Any CPU
		{2586009E-1F83-4AD9-A82C-26B279A7F0AA}.Debug|Any CPU.ActiveCfg = Debug|Any CPU
		{2586009E-1F83-4AD9-A82C-26B279A7F0AA}.Debug|Any CPU.Build.0 = Debug|Any CPU
		{2586009E-1F83-4AD9-A82C-26B279A7F0AA}.Release|Any CPU.ActiveCfg = Release|Any CPU
		{2586009E-1F83-4AD9-A82C-26B279A7F0AA}.Release|Any CPU.Build.0 = Release|Any CPU
		{34843E7A-CE3B-46E4-B11A-7BC4CA87D53F}.Debug|Any CPU.ActiveCfg = Debug|Any CPU
		{34843E7A-CE3B-46E4-B11A-7BC4CA87D53F}.Debug|Any CPU.Build.0 = Debug|Any CPU
		{34843E7A-CE3B-46E4-B11A-7BC4CA87D53F}.Release|Any CPU.ActiveCfg = Release|Any CPU
		{34843E7A-CE3B-46E4-B11A-7BC4CA87D53F}.Release|Any CPU.Build.0 = Release|Any CPU
	EndGlobalSection
EndGlobal
